<?xml version="1.0" encoding="utf-8"?>
<Project ToolsVersion="4.0" xmlns="http://schemas.microsoft.com/developer/msbuild/2003">
  <ItemGroup>
    <Filter Include="소스 파일">
      <UniqueIdentifier>{4FC737F1-C7A5-4376-A066-2A32D752A2FF}</UniqueIdentifier>
      <Extensions>cpp;c;cc;cxx;c++;cppm;ixx;def;odl;idl;hpj;bat;asm;asmx</Extensions>
    </Filter>
    <Filter Include="헤더 파일">
      <UniqueIdentifier>{93995380-89BD-4b04-88EB-625FBE52EBFB}</UniqueIdentifier>
      <Extensions>h;hh;hpp;hxx;h++;hm;inl;inc;ipp;xsd</Extensions>
    </Filter>
    <Filter Include="리소스 파일">
      <UniqueIdentifier>{67DA6AB6-F800-4c08-8B7A-83BB121AAD01}</UniqueIdentifier>
      <Extensions>rc;ico;cur;bmp;dlg;rc2;rct;bin;rgs;gif;jpg;jpeg;jpe;resx;tiff;tif;png;wav;mfcribbon-ms</Extensions>
    </Filter>
  </ItemGroup>
  <ItemGroup>
    <ClInclude Include="framework.h">
      <Filter>헤더 파일</Filter>
    </ClInclude>
    <ClInclude Include="targetver.h">
      <Filter>헤더 파일</Filter>
    </ClInclude>
    <ClInclude Include="Resource.h">
      <Filter>헤더 파일</Filter>
    </ClInclude>
    <ClInclude Include="2024_GuestBook_Team1.h">
      <Filter>헤더 파일</Filter>
    </ClInclude>
    <ClInclude Include="ChildWindow.h">
      <Filter>헤더 파일</Filter>
    </ClInclude>
    <ClInclude Include="DrowWindow.h">
      <Filter>헤더 파일</Filter>
    </ClInclude>
    <ClInclude Include="DW_NameBar.h">
      <Filter>헤더 파일</Filter>
    </ClInclude>
    <ClInclude Include="DW_ColorBox.h">
      <Filter>헤더 파일</Filter>
    </ClInclude>
    <ClInclude Include="DW_Canvas.h">
      <Filter>헤더 파일</Filter>
    </ClInclude>
    <ClInclude Include="DW_SideMenu.h">
      <Filter>헤더 파일</Filter>
    </ClInclude>
    <ClInclude Include="DW_ToolMenu.h">
      <Filter>헤더 파일</Filter>
    </ClInclude>
    <ClInclude Include="Struct.h">
      <Filter>헤더 파일</Filter>
    </ClInclude>
    <ClInclude Include="PenView.h">
      <Filter>헤더 파일</Filter>
    </ClInclude>
    <ClInclude Include="PenThickness.h">
      <Filter>헤더 파일</Filter>
    </ClInclude>
    <ClInclude Include="ColorPicker.h">
      <Filter>헤더 파일</Filter>
    </ClInclude>
    <ClInclude Include="Function.h">
      <Filter>헤더 파일</Filter>
    </ClInclude>
    <ClInclude Include="FileManager.h">
      <Filter>헤더 파일</Filter>
    </ClInclude>
    <ClInclude Include="BrushMenu.h">
      <Filter>헤더 파일</Filter>
    </ClInclude>
    <ClInclude Include="ConnExcel.h">
      <Filter>헤더 파일</Filter>
    </ClInclude>
    <ClInclude Include="MakeButton.h">
      <Filter>헤더 파일</Filter>
    </ClInclude>
    <ClInclude Include="WndFunc.h">
      <Filter>헤더 파일</Filter>
    </ClInclude>
    <ClInclude Include="DW_FileManager.h">
      <Filter>헤더 파일</Filter>
    </ClInclude>
  </ItemGroup>
  <ItemGroup>
    <ClCompile Include="2024_GuestBook_Team1.cpp">
      <Filter>소스 파일</Filter>
    </ClCompile>
    <ClCompile Include="ChildWindow.cpp">
      <Filter>소스 파일</Filter>
    </ClCompile>
    <ClCompile Include="DrowWindow.cpp">
      <Filter>소스 파일</Filter>
    </ClCompile>
    <ClCompile Include="DW_NameBar.cpp">
      <Filter>소스 파일</Filter>
    </ClCompile>
    <ClCompile Include="DW_ColorBox.cpp">
      <Filter>소스 파일</Filter>
    </ClCompile>
    <ClCompile Include="DW_Canvas.cpp">
      <Filter>소스 파일</Filter>
    </ClCompile>
    <ClCompile Include="DW_SideMenu.cpp">
      <Filter>소스 파일</Filter>
    </ClCompile>
    <ClCompile Include="DW_ToolMenu.cpp">
      <Filter>소스 파일</Filter>
    </ClCompile>
    <ClCompile Include="PenView.cpp">
      <Filter>소스 파일</Filter>
    </ClCompile>
    <ClCompile Include="PenThickness.cpp">
      <Filter>소스 파일</Filter>
    </ClCompile>
    <ClCompile Include="ColorPicker.cpp">
      <Filter>소스 파일</Filter>
    </ClCompile>
    <ClCompile Include="Function.cpp">
      <Filter>소스 파일</Filter>
    </ClCompile>
    <ClCompile Include="FileManager.cpp">
      <Filter>소스 파일</Filter>
    </ClCompile>
    <ClCompile Include="BrushMenu.cpp">
      <Filter>소스 파일</Filter>
    </ClCompile>
    <ClCompile Include="ConnExcel.cpp">
      <Filter>소스 파일</Filter>
    </ClCompile>
    <ClCompile Include="MakeButton.cpp">
      <Filter>소스 파일</Filter>
    </ClCompile>
    <ClCompile Include="WndFunc.cpp">
      <Filter>소스 파일</Filter>
    </ClCompile>
    <ClCompile Include="DW_FileManager.cpp">
      <Filter>소스 파일</Filter>
    </ClCompile>
  </ItemGroup>
  <ItemGroup>
    <ResourceCompile Include="2024_GuestBook_Team1.rc">
      <Filter>리소스 파일</Filter>
    </ResourceCompile>
  </ItemGroup>
  <ItemGroup>
    <Image Include="small.ico">
      <Filter>리소스 파일</Filter>
    </Image>
    <Image Include="2024_GuestBook_Team1.ico">
      <Filter>리소스 파일</Filter>
    </Image>
    <Image Include="yuhan.ico">
      <Filter>리소스 파일</Filter>
    </Image>
    <Image Include="yuhan256.ico">
      <Filter>리소스 파일</Filter>
    </Image>
    <Image Include="..\ImgResource\REPLAY.ico">
      <Filter>리소스 파일</Filter>
    </Image>
    <Image Include="..\ImgResource\Stamp\heart_stamp.ico">
      <Filter>리소스 파일</Filter>
    </Image>
    <Image Include="..\ImgResource\Stamp\heart_button.ico">
      <Filter>리소스 파일</Filter>
    </Image>
    <Image Include="..\ImgResource\File_Icon.ico">
      <Filter>리소스 파일</Filter>
    </Image>
    <Image Include="..\ImgResource\CloseMenu_Icon.ico">
      <Filter>리소스 파일</Filter>
    </Image>
    <Image Include="..\ImgResource\Menu_Icon.ico">
      <Filter>리소스 파일</Filter>
    </Image>
    <Image Include="..\ImgResource\New_File.ico">
      <Filter>리소스 파일</Filter>
    </Image>
    <Image Include="..\ImgResource\Load_Icon.ico">
      <Filter>리소스 파일</Filter>
    </Image>
    <Image Include="..\ImgResource\FileManager_Icon.ico">
      <Filter>리소스 파일</Filter>
    </Image>
    <Image Include="..\ImgResource\Credit_Icon.ico">
      <Filter>리소스 파일</Filter>
    </Image>
    <Image Include="..\ImgResource\Save_Icon.ico">
      <Filter>리소스 파일</Filter>
    </Image>
    <Image Include="..\ImgResource\Exit_Icon.ico">
      <Filter>리소스 파일</Filter>
    </Image>
  </ItemGroup>
</Project>