<?xml version="1.0" encoding="utf-8"?>
<Project ToolsVersion="4.0" xmlns="http://schemas.microsoft.com/developer/msbuild/2003">
  <ItemGroup>
    <Filter Include="소스 파일">
      <UniqueIdentifier>{4FC737F1-C7A5-4376-A066-2A32D752A2FF}</UniqueIdentifier>
      <Extensions>cpp;c;cc;cxx;c++;cppm;ixx;def;odl;idl;hpj;bat;asm;asmx</Extensions>
    </Filter>
    <Filter Include="헤더 파일">
      <UniqueIdentifier>{93995380-89BD-4b04-88EB-625FBE52EBFB}</UniqueIdentifier>
      <Extensions>h;hh;hpp;hxx;h++;hm;inl;inc;ipp;xsd</Extensions>
    </Filter>
    <Filter Include="리소스 파일">
      <UniqueIdentifier>{67DA6AB6-F800-4c08-8B7A-83BB121AAD01}</UniqueIdentifier>
      <Extensions>rc;ico;cur;bmp;dlg;rc2;rct;bin;rgs;gif;jpg;jpeg;jpe;resx;tiff;tif;png;wav;mfcribbon-ms</Extensions>
    </Filter>
  </ItemGroup>
  <ItemGroup>
    <ClInclude Include="framework.h">
      <Filter>헤더 파일</Filter>
    </ClInclude>
    <ClInclude Include="targetver.h">
      <Filter>헤더 파일</Filter>
    </ClInclude>
    <ClInclude Include="Resource.h">
      <Filter>헤더 파일</Filter>
    </ClInclude>
    <ClInclude Include="Ref_Shooting_Game.h">
      <Filter>헤더 파일</Filter>
    </ClInclude>
    <ClInclude Include="GameHandler.h">
      <Filter>헤더 파일</Filter>
    </ClInclude>
    <ClInclude Include="Object.h">
      <Filter>헤더 파일</Filter>
    </ClInclude>
    <ClInclude Include="Entity.h">
      <Filter>헤더 파일</Filter>
    </ClInclude>
    <ClInclude Include="PlayerBase.h">
      <Filter>헤더 파일</Filter>
    </ClInclude>
    <ClInclude Include="BulletBase.h">
      <Filter>헤더 파일</Filter>
    </ClInclude>
    <ClInclude Include="Bullet_Normal.h">
      <Filter>헤더 파일</Filter>
    </ClInclude>
    <ClInclude Include="EnemyBase.h">
      <Filter>헤더 파일</Filter>
    </ClInclude>
    <ClInclude Include="Timer.h">
      <Filter>헤더 파일</Filter>
    </ClInclude>
    <ClInclude Include="Stage.h">
      <Filter>헤더 파일</Filter>
    </ClInclude>
    <ClInclude Include="Enemy_turret.h">
      <Filter>헤더 파일</Filter>
    </ClInclude>
    <ClInclude Include="Enemy_MiddleBoss.h">
      <Filter>헤더 파일</Filter>
    </ClInclude>
    <ClInclude Include="Type0.h">
      <Filter>헤더 파일</Filter>
    </ClInclude>
    <ClInclude Include="Enemy_bird.h">
      <Filter>헤더 파일</Filter>
    </ClInclude>
    <ClInclude Include="PageStart.h">
      <Filter>헤더 파일</Filter>
    </ClInclude>
    <ClInclude Include="PatternBase.h">
      <Filter>헤더 파일</Filter>
    </ClInclude>
    <ClInclude Include="PatternNormal.h">
      <Filter>헤더 파일</Filter>
    </ClInclude>
    <ClInclude Include="PatternHurricane.h">
      <Filter>헤더 파일</Filter>
    </ClInclude>
    <ClInclude Include="PatternRandom.h">
      <Filter>헤더 파일</Filter>
    </ClInclude>
    <ClInclude Include="PatternFlower.h">
      <Filter>헤더 파일</Filter>
    </ClInclude>
    <ClInclude Include="PatternRain.h">
      <Filter>헤더 파일</Filter>
    </ClInclude>
    <ClInclude Include="PageEnd.h">
      <Filter>헤더 파일</Filter>
    </ClInclude>
    <ClInclude Include="BulletLaser.h">
      <Filter>헤더 파일</Filter>
    </ClInclude>
    <ClInclude Include="PageClear.h">
      <Filter>헤더 파일</Filter>
    </ClInclude>
    <ClInclude Include="Enemy_Boss.h">
      <Filter>헤더 파일</Filter>
    </ClInclude>
    <ClInclude Include="Enemy_bird2.h">
      <Filter>헤더 파일</Filter>
    </ClInclude>
    <ClInclude Include="Enemy_mage.h">
      <Filter>헤더 파일</Filter>
    </ClInclude>
    <ClInclude Include="Enemy_BossTurret.h">
      <Filter>헤더 파일</Filter>
    </ClInclude>
  </ItemGroup>
  <ItemGroup>
    <ClCompile Include="Ref_Shooting_Game.cpp">
      <Filter>소스 파일</Filter>
    </ClCompile>
    <ClCompile Include="GameHandler.cpp">
      <Filter>소스 파일</Filter>
    </ClCompile>
    <ClCompile Include="Object.cpp">
      <Filter>소스 파일</Filter>
    </ClCompile>
    <ClCompile Include="Entity.cpp">
      <Filter>소스 파일</Filter>
    </ClCompile>
    <ClCompile Include="PlayerBase.cpp">
      <Filter>소스 파일</Filter>
    </ClCompile>
    <ClCompile Include="BulletBase.cpp">
      <Filter>소스 파일</Filter>
    </ClCompile>
    <ClCompile Include="Bullet_Normal.cpp">
      <Filter>소스 파일</Filter>
    </ClCompile>
    <ClCompile Include="EnemyBase.cpp">
      <Filter>소스 파일</Filter>
    </ClCompile>
    <ClCompile Include="Timer.cpp">
      <Filter>소스 파일</Filter>
    </ClCompile>
    <ClCompile Include="Stage.cpp">
      <Filter>소스 파일</Filter>
    </ClCompile>
    <ClCompile Include="Enemy_turret.cpp">
      <Filter>소스 파일</Filter>
    </ClCompile>
    <ClCompile Include="Enemy_MiddleBoss.cpp">
      <Filter>소스 파일</Filter>
    </ClCompile>
    <ClCompile Include="Type0.cpp">
      <Filter>소스 파일</Filter>
    </ClCompile>
    <ClCompile Include="Enemy_bird.cpp">
      <Filter>소스 파일</Filter>
    </ClCompile>
    <ClCompile Include="PageStart.cpp">
      <Filter>소스 파일</Filter>
    </ClCompile>
    <ClCompile Include="PatternBase.cpp">
      <Filter>소스 파일</Filter>
    </ClCompile>
    <ClCompile Include="PatternNormal.cpp">
      <Filter>소스 파일</Filter>
    </ClCompile>
    <ClCompile Include="PatternHurricane.cpp">
      <Filter>소스 파일</Filter>
    </ClCompile>
    <ClCompile Include="PatternRandom.cpp">
      <Filter>소스 파일</Filter>
    </ClCompile>
    <ClCompile Include="PatternFlower.cpp">
      <Filter>소스 파일</Filter>
    </ClCompile>
    <ClCompile Include="PatternRain.cpp">
      <Filter>소스 파일</Filter>
    </ClCompile>
    <ClCompile Include="PageEnd.cpp">
      <Filter>소스 파일</Filter>
    </ClCompile>
    <ClCompile Include="BulletLaser.cpp">
      <Filter>소스 파일</Filter>
    </ClCompile>
    <ClCompile Include="PageClear.cpp">
      <Filter>소스 파일</Filter>
    </ClCompile>
    <ClCompile Include="Enemy_Boss.cpp">
      <Filter>소스 파일</Filter>
    </ClCompile>
    <ClCompile Include="Enemy_bird2.cpp">
      <Filter>소스 파일</Filter>
    </ClCompile>
    <ClCompile Include="Enemy_mage.cpp">
      <Filter>소스 파일</Filter>
    </ClCompile>
    <ClCompile Include="Enemy_BossTurret.cpp">
      <Filter>소스 파일</Filter>
    </ClCompile>
  </ItemGroup>
  <ItemGroup>
    <ResourceCompile Include="Ref_Shooting_Game.rc">
      <Filter>리소스 파일</Filter>
    </ResourceCompile>
  </ItemGroup>
  <ItemGroup>
    <Image Include="small.ico">
      <Filter>리소스 파일</Filter>
    </Image>
    <Image Include="Ref_Shooting_Game.ico">
      <Filter>리소스 파일</Filter>
    </Image>
    <Image Include="C:\Users\User\Desktop\main.bmp">
      <Filter>리소스 파일</Filter>
    </Image>
    <Image Include="test.bmp">
      <Filter>리소스 파일</Filter>
    </Image>
    <Image Include="harte.bmp">
      <Filter>리소스 파일</Filter>
    </Image>
    <Image Include="harte1.bmp">
      <Filter>리소스 파일</Filter>
    </Image>
    <Image Include="GameOver.bmp">
      <Filter>리소스 파일</Filter>
    </Image>
    <Image Include="bitmap7.bmp">
      <Filter>리소스 파일</Filter>
    </Image>
    <Image Include="top.bmp">
      <Filter>리소스 파일</Filter>
    </Image>
    <Image Include="light.bmp">
      <Filter>리소스 파일</Filter>
    </Image>
  </ItemGroup>
</Project>